
Microsoft Visual Studio Solution File, Format Version 12.00
Project("{FAE04EC0-301F-11D3-BF4B-00C04F79EFBC}") = "CGSrl.Client", "CGSrl.Client\CGSrl.Client.csproj", "{61986505-CEFF-4877-BB1C-CA13729BA1C6}"
EndProject
Project("{FAE04EC0-301F-11D3-BF4B-00C04F79EFBC}") = "PER", "PER\PER\PER.csproj", "{5BBD03D3-31CF-41A4-B0BB-33CE45D16A9C}"
EndProject
Project("{FAE04EC0-301F-11D3-BF4B-00C04F79EFBC}") = "PER.Abstractions", "PER\PER.Abstractions\PER.Abstractions.csproj", "{B0BC0386-924B-4F4A-8CEA-169A4D459864}"
EndProject
Project("{FAE04EC0-301F-11D3-BF4B-00C04F79EFBC}") = "PER.Audio", "PER\PER.Audio\PER.Audio.csproj", "{01B01215-6340-4403-B273-40B710915EA2}"
EndProject
Project("{FAE04EC0-301F-11D3-BF4B-00C04F79EFBC}") = "PER.Common", "PER\PER.Common\PER.Common.csproj", "{15D94FDE-65DE-45DB-80A8-8FFE0F480742}"
EndProject
Project("{FAE04EC0-301F-11D3-BF4B-00C04F79EFBC}") = "PER.Util", "PER\PER.Util\PER.Util.csproj", "{ECA01BCB-333F-4370-B680-0E303A82FDEC}"
EndProject
Project("{FAE04EC0-301F-11D3-BF4B-00C04F79EFBC}") = "PRR", "PER\PRR\PRR.csproj", "{21FE5031-87A2-4A7B-998B-9B91C0668987}"
EndProject
Project("{FAE04EC0-301F-11D3-BF4B-00C04F79EFBC}") = "PRR.UI", "PER\PRR.UI\PRR.UI.csproj", "{E43EE537-5399-4EBE-B9E8-9DE4B37B051B}"
EndProject
Project("{2150E333-8FDC-42A3-9474-1A3956D46DE8}") = "Solution Folder", "Solution Folder", "{2FD0D3E4-EB19-4869-9FF5-7A73553CFFCE}"
	ProjectSection(SolutionItems) = preProject
		.editorconfig = .editorconfig
		.gitattributes = .gitattributes
		.gitignore = .gitignore
		.gitmodules = .gitmodules
		LICENSE.md = LICENSE.md
	EndProjectSection
EndProject
Project("{FAE04EC0-301F-11D3-BF4B-00C04F79EFBC}") = "CGSrl.Server", "CGSrl.Server\CGSrl.Server.csproj", "{32E10F59-1479-449C-8172-CAC92CB395DB}"
EndProject
Project("{FAE04EC0-301F-11D3-BF4B-00C04F79EFBC}") = "CGSrl.Shared", "CGSrl.Shared\CGSrl.Shared.csproj", "{E82E2F15-BC2A-4382-BA87-67A40E197E54}"
EndProject
Global
	GlobalSection(SolutionConfigurationPlatforms) = preSolution
		Debug|Any CPU = Debug|Any CPU
		Release|Any CPU = Release|Any CPU
	EndGlobalSection
	GlobalSection(ProjectConfigurationPlatforms) = postSolution
		{61986505-CEFF-4877-BB1C-CA13729BA1C6}.Debug|Any CPU.ActiveCfg = Debug|Any CPU
		{61986505-CEFF-4877-BB1C-CA13729BA1C6}.Debug|Any CPU.Build.0 = Debug|Any CPU
		{61986505-CEFF-4877-BB1C-CA13729BA1C6}.Release|Any CPU.ActiveCfg = Release|Any CPU
		{61986505-CEFF-4877-BB1C-CA13729BA1C6}.Release|Any CPU.Build.0 = Release|Any CPU
		{5BBD03D3-31CF-41A4-B0BB-33CE45D16A9C}.Debug|Any CPU.ActiveCfg = Debug|Any CPU
		{5BBD03D3-31CF-41A4-B0BB-33CE45D16A9C}.Debug|Any CPU.Build.0 = Debug|Any CPU
		{5BBD03D3-31CF-41A4-B0BB-33CE45D16A9C}.Release|Any CPU.ActiveCfg = Release|Any CPU
		{5BBD03D3-31CF-41A4-B0BB-33CE45D16A9C}.Release|Any CPU.Build.0 = Release|Any CPU
		{B0BC0386-924B-4F4A-8CEA-169A4D459864}.Debug|Any CPU.ActiveCfg = Debug|Any CPU
		{B0BC0386-924B-4F4A-8CEA-169A4D459864}.Debug|Any CPU.Build.0 = Debug|Any CPU
		{B0BC0386-924B-4F4A-8CEA-169A4D459864}.Release|Any CPU.ActiveCfg = Release|Any CPU
		{B0BC0386-924B-4F4A-8CEA-169A4D459864}.Release|Any CPU.Build.0 = Release|Any CPU
		{01B01215-6340-4403-B273-40B710915EA2}.Debug|Any CPU.ActiveCfg = Debug|Any CPU
		{01B01215-6340-4403-B273-40B710915EA2}.Debug|Any CPU.Build.0 = Debug|Any CPU
		{01B01215-6340-4403-B273-40B710915EA2}.Release|Any CPU.ActiveCfg = Release|Any CPU
		{01B01215-6340-4403-B273-40B710915EA2}.Release|Any CPU.Build.0 = Release|Any CPU
		{15D94FDE-65DE-45DB-80A8-8FFE0F480742}.Debug|Any CPU.ActiveCfg = Debug|Any CPU
		{15D94FDE-65DE-45DB-80A8-8FFE0F480742}.Debug|Any CPU.Build.0 = Debug|Any CPU
		{15D94FDE-65DE-45DB-80A8-8FFE0F480742}.Release|Any CPU.ActiveCfg = Release|Any CPU
		{15D94FDE-65DE-45DB-80A8-8FFE0F480742}.Release|Any CPU.Build.0 = Release|Any CPU
		{ECA01BCB-333F-4370-B680-0E303A82FDEC}.Debug|Any CPU.ActiveCfg = Debug|Any CPU
		{ECA01BCB-333F-4370-B680-0E303A82FDEC}.Debug|Any CPU.Build.0 = Debug|Any CPU
		{ECA01BCB-333F-4370-B680-0E303A82FDEC}.Release|Any CPU.ActiveCfg = Release|Any CPU
		{ECA01BCB-333F-4370-B680-0E303A82FDEC}.Release|Any CPU.Build.0 = Release|Any CPU
		{21FE5031-87A2-4A7B-998B-9B91C0668987}.Debug|Any CPU.ActiveCfg = Debug|Any CPU
		{21FE5031-87A2-4A7B-998B-9B91C0668987}.Debug|Any CPU.Build.0 = Debug|Any CPU
		{21FE5031-87A2-4A7B-998B-9B91C0668987}.Release|Any CPU.ActiveCfg = Release|Any CPU
		{21FE5031-87A2-4A7B-998B-9B91C0668987}.Release|Any CPU.Build.0 = Release|Any CPU
		{E43EE537-5399-4EBE-B9E8-9DE4B37B051B}.Debug|Any CPU.ActiveCfg = Debug|Any CPU
		{E43EE537-5399-4EBE-B9E8-9DE4B37B051B}.Debug|Any CPU.Build.0 = Debug|Any CPU
		{E43EE537-5399-4EBE-B9E8-9DE4B37B051B}.Release|Any CPU.ActiveCfg = Release|Any CPU
		{E43EE537-5399-4EBE-B9E8-9DE4B37B051B}.Release|Any CPU.Build.0 = Release|Any CPU
		{32E10F59-1479-449C-8172-CAC92CB395DB}.Debug|Any CPU.ActiveCfg = Debug|Any CPU
		{32E10F59-1479-449C-8172-CAC92CB395DB}.Debug|Any CPU.Build.0 = Debug|Any CPU
		{32E10F59-1479-449C-8172-CAC92CB395DB}.Release|Any CPU.ActiveCfg = Release|Any CPU
		{32E10F59-1479-449C-8172-CAC92CB395DB}.Release|Any CPU.Build.0 = Release|Any CPU
		{E82E2F15-BC2A-4382-BA87-67A40E197E54}.Debug|Any CPU.ActiveCfg = Debug|Any CPU
		{E82E2F15-BC2A-4382-BA87-67A40E197E54}.Debug|Any CPU.Build.0 = Debug|Any CPU
		{E82E2F15-BC2A-4382-BA87-67A40E197E54}.Release|Any CPU.ActiveCfg = Release|Any CPU
		{E82E2F15-BC2A-4382-BA87-67A40E197E54}.Release|Any CPU.Build.0 = Release|Any CPU
	EndGlobalSection
EndGlobal
